{
  "name": "echartstest",
  "version": "1.0.0",
  "lockfileVersion": 1,
  "requires": true,
  "dependencies": {
    "echarts": {
      "version": "4.2.1",
      "resolved": "https://registry.npmjs.org/echarts/-/echarts-4.2.1.tgz",
      "integrity": "sha512-pw4xScRPsLegD/cqEcoXRKeA2SD4+s+Kyo0Na166NamOWhzNl2yI5RZ2rE97tBlAopNmhyMeBVpAeD5qb+ee1A==",
      "requires": {
        "zrender": "4.0.7"
      }
    },
    "mpvue-echarts": {
      "version": "0.3.1",
      "resolved": "https://registry.npmjs.org/mpvue-echarts/-/mpvue-echarts-0.3.1.tgz",
      "integrity": "sha512-O7IIyvi9TxcaXJDQuJsiDy6UefTTXF//VFgi3GCCyZ0WSBoPcyU0MpvfeMCPPafl8JxTDIgmlr4cZIxmyozSrA=="
    },
    "zrender": {
      "version": "4.0.7",
      "resolved": "https://registry.npmjs.org/zrender/-/zrender-4.0.7.tgz",
      "integrity": "sha512-TNloHe0ums6zxbHfnaCryM61J4IWDajZwNq6dHk9vfWhhysO/OeFvvR0drBs/nbXha2YxSzfQj2FiCd6RVBe+Q=="
    }
  }
}
